
Microsoft Visual Studio Solution File, Format Version 12.00
# Visual Studio Version 17
VisualStudioVersion = 17.10.34928.147
MinimumVisualStudioVersion = 10.0.40219.1
Project("{FAE04EC0-301F-11D3-BF4B-00C04F79EFBC}") = "CobaltClient", "CobaltClient\CobaltClient.csproj", "{736152D0-B896-4DFC-BF72-61DB925758D6}"
EndProject
Global
	GlobalSection(SolutionConfigurationPlatforms) = preSolution
		Debug|Any CPU = Debug|Any CPU
		Release|Any CPU = Release|Any CPU
	EndGlobalSection
	GlobalSection(ProjectConfigurationPlatforms) = postSolution
		{736152D0-B896-4DFC-BF72-61DB925758D6}.Debug|Any CPU.ActiveCfg = Debug|Any CPU
		{736152D0-B896-4DFC-BF72-61DB925758D6}.Debug|Any CPU.Build.0 = Debug|Any CPU
		{736152D0-B896-4DFC-BF72-61DB925758D6}.Release|Any CPU.ActiveCfg = Release|Any CPU
		{736152D0-B896-4DFC-BF72-61DB925758D6}.Release|Any CPU.Build.0 = Release|Any CPU
	EndGlobalSection
	GlobalSection(SolutionProperties) = preSolution
		HideSolutionNode = FALSE
	EndGlobalSection
	GlobalSection(ExtensibilityGlobals) = postSolution
		SolutionGuid = {C07BA053-B4CE-4E83-A58A-A5FDA80FC690}
	EndGlobalSection
EndGlobal
